
Microsoft Visual Studio Solution File, Format Version 12.00
Project("{FAE04EC0-301F-11D3-BF4B-00C04F79EFBC}") = "gptSiteBuilder", "gptSiteBuilder\gptSiteBuilder.csproj", "{8B3B32BC-6E17-4275-B938-9C689143EE58}"
EndProject
Global
	GlobalSection(SolutionConfigurationPlatforms) = preSolution
		Debug|Any CPU = Debug|Any CPU
		Release|Any CPU = Release|Any CPU
	EndGlobalSection
	GlobalSection(ProjectConfigurationPlatforms) = postSolution
		{8B3B32BC-6E17-4275-B938-9C689143EE58}.Debug|Any CPU.ActiveCfg = Debug|Any CPU
		{8B3B32BC-6E17-4275-B938-9C689143EE58}.Debug|Any CPU.Build.0 = Debug|Any CPU
		{8B3B32BC-6E17-4275-B938-9C689143EE58}.Release|Any CPU.ActiveCfg = Release|Any CPU
		{8B3B32BC-6E17-4275-B938-9C689143EE58}.Release|Any CPU.Build.0 = Release|Any CPU
	EndGlobalSection
EndGlobal
